
Microsoft Visual Studio Solution File, Format Version 12.00
# Visual Studio Version 16
VisualStudioVersion = 16.0.29201.188
MinimumVisualStudioVersion = 10.0.40219.1
Project("{9A19103F-16F7-4668-BE54-9A1E7A4F7556}") = "CodePassio_Core", "CodePassio_Core\CodePassio_Core.csproj", "{5BBFA777-CD29-4C20-8BAE-0E549EE5D2E2}"
EndProject
Project("{9A19103F-16F7-4668-BE54-9A1E7A4F7556}") = "CodePassio_Service", "CodePassio_Service\CodePassio_Service.csproj", "{50CE0905-21F3-48E3-8D78-DD05EC56C2BE}"
EndProject
Project("{9A19103F-16F7-4668-BE54-9A1E7A4F7556}") = "CodePassio_Web", "CodePassio_Web\CodePassio_Web.csproj", "{B42A3F13-505A-49E8-8AE4-BBFF163ABA48}"
EndProject
Project("{FAE04EC0-301F-11D3-BF4B-00C04F79EFBC}") = "CodePassio_Admin", "CodePassio_Admin\CodePassio_Admin.csproj", "{53BC8CCD-01D4-42DD-9DC1-8865C27E4084}"
EndProject
Global
	GlobalSection(SolutionConfigurationPlatforms) = preSolution
		Debug|Any CPU = Debug|Any CPU
		Release|Any CPU = Release|Any CPU
	EndGlobalSection
	GlobalSection(ProjectConfigurationPlatforms) = postSolution
		{5BBFA777-CD29-4C20-8BAE-0E549EE5D2E2}.Debug|Any CPU.ActiveCfg = Debug|Any CPU
		{5BBFA777-CD29-4C20-8BAE-0E549EE5D2E2}.Debug|Any CPU.Build.0 = Debug|Any CPU
		{5BBFA777-CD29-4C20-8BAE-0E549EE5D2E2}.Release|Any CPU.ActiveCfg = Release|Any CPU
		{5BBFA777-CD29-4C20-8BAE-0E549EE5D2E2}.Release|Any CPU.Build.0 = Release|Any CPU
		{50CE0905-21F3-48E3-8D78-DD05EC56C2BE}.Debug|Any CPU.ActiveCfg = Debug|Any CPU
		{50CE0905-21F3-48E3-8D78-DD05EC56C2BE}.Debug|Any CPU.Build.0 = Debug|Any CPU
		{50CE0905-21F3-48E3-8D78-DD05EC56C2BE}.Release|Any CPU.ActiveCfg = Release|Any CPU
		{50CE0905-21F3-48E3-8D78-DD05EC56C2BE}.Release|Any CPU.Build.0 = Release|Any CPU
		{B42A3F13-505A-49E8-8AE4-BBFF163ABA48}.Debug|Any CPU.ActiveCfg = Debug|Any CPU
		{B42A3F13-505A-49E8-8AE4-BBFF163ABA48}.Debug|Any CPU.Build.0 = Debug|Any CPU
		{B42A3F13-505A-49E8-8AE4-BBFF163ABA48}.Release|Any CPU.ActiveCfg = Release|Any CPU
		{B42A3F13-505A-49E8-8AE4-BBFF163ABA48}.Release|Any CPU.Build.0 = Release|Any CPU
		{53BC8CCD-01D4-42DD-9DC1-8865C27E4084}.Debug|Any CPU.ActiveCfg = Debug|Any CPU
		{53BC8CCD-01D4-42DD-9DC1-8865C27E4084}.Debug|Any CPU.Build.0 = Debug|Any CPU
		{53BC8CCD-01D4-42DD-9DC1-8865C27E4084}.Release|Any CPU.ActiveCfg = Release|Any CPU
		{53BC8CCD-01D4-42DD-9DC1-8865C27E4084}.Release|Any CPU.Build.0 = Release|Any CPU
	EndGlobalSection
	GlobalSection(SolutionProperties) = preSolution
		HideSolutionNode = FALSE
	EndGlobalSection
	GlobalSection(ExtensibilityGlobals) = postSolution
		SolutionGuid = {77398E8E-513B-46A4-9D9F-148673A596A5}
	EndGlobalSection
EndGlobal
